
Microsoft Visual Studio Solution File, Format Version 12.00
# Visual Studio Version 17
VisualStudioVersion = 17.14.36915.13 d17.14
MinimumVisualStudioVersion = 10.0.40219.1
Project("{FAE04EC0-301F-11D3-BF4B-00C04F79EFBC}") = "ExlinkAPI", "ExlinkAPI\ExlinkAPI.csproj", "{B2A55430-8F41-4BAF-9418-3D1D18DBB3CC}"
EndProject
Global
	GlobalSection(SolutionConfigurationPlatforms) = preSolution
		Debug|Any CPU = Debug|Any CPU
		Release|Any CPU = Release|Any CPU
	EndGlobalSection
	GlobalSection(ProjectConfigurationPlatforms) = postSolution
		{B2A55430-8F41-4BAF-9418-3D1D18DBB3CC}.Debug|Any CPU.ActiveCfg = Debug|Any CPU
		{B2A55430-8F41-4BAF-9418-3D1D18DBB3CC}.Debug|Any CPU.Build.0 = Debug|Any CPU
		{B2A55430-8F41-4BAF-9418-3D1D18DBB3CC}.Release|Any CPU.ActiveCfg = Release|Any CPU
		{B2A55430-8F41-4BAF-9418-3D1D18DBB3CC}.Release|Any CPU.Build.0 = Release|Any CPU
	EndGlobalSection
	GlobalSection(SolutionProperties) = preSolution
		HideSolutionNode = FALSE
	EndGlobalSection
	GlobalSection(ExtensibilityGlobals) = postSolution
		SolutionGuid = {273C131F-E1E9-4D54-BB34-4D61950AC005}
	EndGlobalSection
EndGlobal
